
Microsoft Visual Studio Solution File, Format Version 12.00
Project("{2150E333-8FDC-42A3-9474-1A3956D46DE8}") = "Services", "Services", "{A6E5E0CC-1493-4DC0-B8BE-F917C85D4F11}"
EndProject
Project("{2150E333-8FDC-42A3-9474-1A3956D46DE8}") = "Catalog", "Catalog", "{337BBAC9-73D8-43DD-9145-672E4BC92633}"
EndProject
Project("{2150E333-8FDC-42A3-9474-1A3956D46DE8}") = "IdentityServer", "IdentityServer", "{C012C87C-F21F-4F9C-931B-E1E83AAF2244}"
EndProject
Project("{2150E333-8FDC-42A3-9474-1A3956D46DE8}") = "BuildingBlock", "BuildingBlock", "{F3ACC1C1-5F04-4AF3-8963-B105DD5A912A}"
EndProject
Project("{FAE04EC0-301F-11D3-BF4B-00C04F79EFBC}") = "cShop.Core", "src\BuildingBlock\cShop.Core\cShop.Core.csproj", "{EFB4AA85-FCEE-4233-B7DC-55C0DB26CBC5}"
EndProject
Project("{FAE04EC0-301F-11D3-BF4B-00C04F79EFBC}") = "cShop.Infrastructure", "src\BuildingBlock\cShop.Infrastructure\cShop.Infrastructure.csproj", "{20C32758-AB48-447F-A630-A941A7303E57}"
EndProject
Project("{FAE04EC0-301F-11D3-BF4B-00C04F79EFBC}") = "cShop.Contracts", "src\BuildingBlock\cShop.Contracts\cShop.Contracts.csproj", "{B9D0C066-1B50-4420-9B5D-DC0C6D42811A}"
EndProject
Project("{2150E333-8FDC-42A3-9474-1A3956D46DE8}") = "Basket", "Basket", "{CFEAB618-4DB8-41DE-BA44-3CF6C6BFA3AC}"
EndProject
Project("{2150E333-8FDC-42A3-9474-1A3956D46DE8}") = "__", "__", "{188AFA8C-065E-45A8-A204-2150D27EC205}"
EndProject
Project("{FAE04EC0-301F-11D3-BF4B-00C04F79EFBC}") = "Application", "src\Services\Basket\Application\Application.csproj", "{A177AF3D-EFC3-403B-974A-90B4877EF152}"
EndProject
Project("{FAE04EC0-301F-11D3-BF4B-00C04F79EFBC}") = "WebApi", "src\Services\Basket\WebApi\WebApi.csproj", "{BA1EB6EC-DCBE-4ED0-BE04-32A324F269CE}"
EndProject
Project("{FAE04EC0-301F-11D3-BF4B-00C04F79EFBC}") = "Domain", "src\Services\Basket\Domain\Domain.csproj", "{B3AFE897-0615-4AC7-85E9-E39A3D287704}"
EndProject
Project("{FAE04EC0-301F-11D3-BF4B-00C04F79EFBC}") = "Application", "src\Services\Catalog\Application\Application.csproj", "{BA646FD2-2EA0-4D41-902A-F3A9D6F9E29C}"
EndProject
Project("{FAE04EC0-301F-11D3-BF4B-00C04F79EFBC}") = "WebApi", "src\Services\Catalog\WebApi\WebApi.csproj", "{FB358CCA-5354-4AD7-9095-B2B53887B72F}"
EndProject
Project("{FAE04EC0-301F-11D3-BF4B-00C04F79EFBC}") = "Domain", "src\Services\Catalog\Domain\Domain.csproj", "{B9E3A8D6-E783-46A7-8F14-39626D8174A6}"
EndProject
Project("{FAE04EC0-301F-11D3-BF4B-00C04F79EFBC}") = "Infrastructure", "src\Services\Basket\Infrastructure\Infrastructure.csproj", "{3EDCAEFA-B1C4-4E50-9349-5AF1D801E536}"
EndProject
Project("{2150E333-8FDC-42A3-9474-1A3956D46DE8}") = "Order", "Order", "{A671919A-9425-4D60-8D6B-3D6A3C8528E0}"
EndProject
Project("{FAE04EC0-301F-11D3-BF4B-00C04F79EFBC}") = "WebApi", "src\Services\Order\WebApi\WebApi.csproj", "{2FC70EE8-AA9E-4828-A13B-49724F1276E7}"
EndProject
Project("{FAE04EC0-301F-11D3-BF4B-00C04F79EFBC}") = "Application", "src\Services\Order\Application\Application.csproj", "{03A1A3B6-1A33-4015-949E-73682999E4E4}"
EndProject
Project("{2150E333-8FDC-42A3-9474-1A3956D46DE8}") = "Notification", "Notification", "{EE296BC4-D62A-46D8-BFF2-1160BEA329A3}"
EndProject
Project("{FAE04EC0-301F-11D3-BF4B-00C04F79EFBC}") = "Domain", "src\Services\Order\Domain\Domain.csproj", "{1B86439A-B92B-437F-B886-6BFE9DCEC332}"
EndProject
Project("{FAE04EC0-301F-11D3-BF4B-00C04F79EFBC}") = "Infrastructure", "src\Services\Order\Infrastructure\Infrastructure.csproj", "{C65D7923-343C-41AE-B3F6-79B8BDBB6A40}"
EndProject
Project("{2150E333-8FDC-42A3-9474-1A3956D46DE8}") = "Proxy", "Proxy", "{C8370F28-7B23-4901-A170-1CD2BE823D60}"
EndProject
Project("{FAE04EC0-301F-11D3-BF4B-00C04F79EFBC}") = "AppGateway", "src\Services\Proxy\AppGateway\AppGateway.csproj", "{413171BC-AE51-4255-9079-4B3B6073C8B8}"
EndProject
Project("{FAE04EC0-301F-11D3-BF4B-00C04F79EFBC}") = "WebApi", "src\Services\Notification\WebApi\WebApi.csproj", "{D25ACA63-4A39-4F40-92BA-89ED4E151180}"
EndProject
Project("{2150E333-8FDC-42A3-9474-1A3956D46DE8}") = "Search", "Search", "{D4BC8422-E35C-4321-914F-282F390EFA7D}"
EndProject
Project("{FAE04EC0-301F-11D3-BF4B-00C04F79EFBC}") = "Api", "src\Services\Search\Api\Api.csproj", "{AFA51ACE-E16D-45D3-BCD5-F5D36D7BAA41}"
EndProject
Project("{FAE04EC0-301F-11D3-BF4B-00C04F79EFBC}") = "Infrastructure", "src\Services\Catalog\Infrastructure\Infrastructure.csproj", "{0F4E2077-EDA0-40CB-96F0-D06B1BA4995C}"
EndProject
Project("{FAE04EC0-301F-11D3-BF4B-00C04F79EFBC}") = "Application", "src\Services\Notification\Application\Application.csproj", "{556326C7-0166-4796-9923-55DE53A31965}"
EndProject
Project("{FAE04EC0-301F-11D3-BF4B-00C04F79EFBC}") = "Infrastructure", "src\Services\Notification\Infrastructure\Infrastructure.csproj", "{BABBF4DE-4D17-4E37-8984-7F450A3B808F}"
EndProject
Project("{FAE04EC0-301F-11D3-BF4B-00C04F79EFBC}") = "Identity.Api", "src\Services\IdentityServer\Identity.Api\Identity.Api.csproj", "{CC42AC28-F6D9-4ED8-AB05-EC7BB62686B2}"
EndProject
Project("{2150E333-8FDC-42A3-9474-1A3956D46DE8}") = "UserManager", "UserManager", "{A7F4E4B5-F3C8-4F65-9B0F-8B0D868551A3}"
EndProject
Project("{2150E333-8FDC-42A3-9474-1A3956D46DE8}") = "Shipping", "Shipping", "{73EDE243-D179-4BB2-9511-3BC323DF44AE}"
EndProject
Project("{FAE04EC0-301F-11D3-BF4B-00C04F79EFBC}") = "WebApi", "src\Services\UserManager\WebApi\WebApi.csproj", "{DE157450-B34E-4177-A069-755AB111579F}"
EndProject
Project("{FAE04EC0-301F-11D3-BF4B-00C04F79EFBC}") = "Application", "src\Services\UserManager\Application\Application.csproj", "{C0D12B6B-3CA0-49CA-9BA6-06FB7F23D14B}"
EndProject
Project("{FAE04EC0-301F-11D3-BF4B-00C04F79EFBC}") = "Infrastructure", "src\Services\UserManager\Infrastructure\Infrastructure.csproj", "{1F578962-0D36-4646-A405-B4D32C64110B}"
EndProject
Project("{FAE04EC0-301F-11D3-BF4B-00C04F79EFBC}") = "Domain", "src\Services\UserManager\Domain\Domain.csproj", "{36CCA5C5-1EE6-4C3C-BAE7-A0CFAB842785}"
EndProject
Project("{FAE04EC0-301F-11D3-BF4B-00C04F79EFBC}") = "WebApi", "src\Services\Shipping\WebApi\WebApi.csproj", "{72C34D5F-5E78-4FA1-8DD3-73664AD32B22}"
EndProject
Project("{FAE04EC0-301F-11D3-BF4B-00C04F79EFBC}") = "Domain", "src\Services\Shipping\Domain\Domain.csproj", "{7DD64AB8-497A-4E72-A262-D82BBC1F91B5}"
EndProject
Project("{FAE04EC0-301F-11D3-BF4B-00C04F79EFBC}") = "Application", "src\Services\Shipping\Application\Application.csproj", "{8492FC25-73F5-4643-A008-C095FF560680}"
EndProject
Project("{FAE04EC0-301F-11D3-BF4B-00C04F79EFBC}") = "Infrastructure", "src\Services\Shipping\Infrastructure\Infrastructure.csproj", "{ACBB5018-8EF9-491D-9AD8-F92543839769}"
EndProject
Project("{2150E333-8FDC-42A3-9474-1A3956D46DE8}") = "Test", "Test", "{45964842-A752-4C70-843C-8AE32F945660}"
EndProject
Project("{FAE04EC0-301F-11D3-BF4B-00C04F79EFBC}") = "Catalog.Application.Tests", "test\Catalog.Application.Tests\Catalog.Application.Tests.csproj", "{FD0A5ED7-FC78-42FE-A57A-51FB75AEF5F8}"
EndProject
Project("{2150E333-8FDC-42A3-9474-1A3956D46DE8}") = "Payment", "Payment", "{64F43A16-5D32-42CD-AA06-3FA4A14FD944}"
EndProject
Project("{FAE04EC0-301F-11D3-BF4B-00C04F79EFBC}") = "WebApi", "src\Services\Payment\WebApi\WebApi.csproj", "{115DACE8-8B97-4195-9F20-9E75707A6481}"
EndProject
Project("{FAE04EC0-301F-11D3-BF4B-00C04F79EFBC}") = "Application", "src\Services\Payment\Application\Application.csproj", "{EC0209D6-94B6-4EEA-A48C-56082A48307E}"
EndProject
Project("{FAE04EC0-301F-11D3-BF4B-00C04F79EFBC}") = "Infrastructure", "src\Services\Payment\Infrastructure\Infrastructure.csproj", "{BF907CB7-A703-4C36-8C39-BA104F3E115A}"
EndProject
Project("{FAE04EC0-301F-11D3-BF4B-00C04F79EFBC}") = "Domain", "src\Services\Payment\Domain\Domain.csproj", "{9B72C2CC-7A6F-4674-8908-CD7EF43F1F19}"
EndProject
Global
	GlobalSection(SolutionConfigurationPlatforms) = preSolution
		Debug|Any CPU = Debug|Any CPU
		Release|Any CPU = Release|Any CPU
	EndGlobalSection
	GlobalSection(NestedProjects) = preSolution
		{337BBAC9-73D8-43DD-9145-672E4BC92633} = {A6E5E0CC-1493-4DC0-B8BE-F917C85D4F11}
		{C012C87C-F21F-4F9C-931B-E1E83AAF2244} = {A6E5E0CC-1493-4DC0-B8BE-F917C85D4F11}
		{EFB4AA85-FCEE-4233-B7DC-55C0DB26CBC5} = {F3ACC1C1-5F04-4AF3-8963-B105DD5A912A}
		{20C32758-AB48-447F-A630-A941A7303E57} = {F3ACC1C1-5F04-4AF3-8963-B105DD5A912A}
		{B9D0C066-1B50-4420-9B5D-DC0C6D42811A} = {F3ACC1C1-5F04-4AF3-8963-B105DD5A912A}
		{CFEAB618-4DB8-41DE-BA44-3CF6C6BFA3AC} = {A6E5E0CC-1493-4DC0-B8BE-F917C85D4F11}
		{A177AF3D-EFC3-403B-974A-90B4877EF152} = {CFEAB618-4DB8-41DE-BA44-3CF6C6BFA3AC}
		{BA1EB6EC-DCBE-4ED0-BE04-32A324F269CE} = {CFEAB618-4DB8-41DE-BA44-3CF6C6BFA3AC}
		{B3AFE897-0615-4AC7-85E9-E39A3D287704} = {CFEAB618-4DB8-41DE-BA44-3CF6C6BFA3AC}
		{BA646FD2-2EA0-4D41-902A-F3A9D6F9E29C} = {337BBAC9-73D8-43DD-9145-672E4BC92633}
		{FB358CCA-5354-4AD7-9095-B2B53887B72F} = {337BBAC9-73D8-43DD-9145-672E4BC92633}
		{B9E3A8D6-E783-46A7-8F14-39626D8174A6} = {337BBAC9-73D8-43DD-9145-672E4BC92633}
		{3EDCAEFA-B1C4-4E50-9349-5AF1D801E536} = {CFEAB618-4DB8-41DE-BA44-3CF6C6BFA3AC}
		{A671919A-9425-4D60-8D6B-3D6A3C8528E0} = {A6E5E0CC-1493-4DC0-B8BE-F917C85D4F11}
		{2FC70EE8-AA9E-4828-A13B-49724F1276E7} = {A671919A-9425-4D60-8D6B-3D6A3C8528E0}
		{03A1A3B6-1A33-4015-949E-73682999E4E4} = {A671919A-9425-4D60-8D6B-3D6A3C8528E0}
		{EE296BC4-D62A-46D8-BFF2-1160BEA329A3} = {A6E5E0CC-1493-4DC0-B8BE-F917C85D4F11}
		{1B86439A-B92B-437F-B886-6BFE9DCEC332} = {A671919A-9425-4D60-8D6B-3D6A3C8528E0}
		{C65D7923-343C-41AE-B3F6-79B8BDBB6A40} = {A671919A-9425-4D60-8D6B-3D6A3C8528E0}
		{C8370F28-7B23-4901-A170-1CD2BE823D60} = {A6E5E0CC-1493-4DC0-B8BE-F917C85D4F11}
		{413171BC-AE51-4255-9079-4B3B6073C8B8} = {C8370F28-7B23-4901-A170-1CD2BE823D60}
		{D25ACA63-4A39-4F40-92BA-89ED4E151180} = {EE296BC4-D62A-46D8-BFF2-1160BEA329A3}
		{D4BC8422-E35C-4321-914F-282F390EFA7D} = {A6E5E0CC-1493-4DC0-B8BE-F917C85D4F11}
		{AFA51ACE-E16D-45D3-BCD5-F5D36D7BAA41} = {D4BC8422-E35C-4321-914F-282F390EFA7D}
		{0F4E2077-EDA0-40CB-96F0-D06B1BA4995C} = {337BBAC9-73D8-43DD-9145-672E4BC92633}
		{556326C7-0166-4796-9923-55DE53A31965} = {EE296BC4-D62A-46D8-BFF2-1160BEA329A3}
		{BABBF4DE-4D17-4E37-8984-7F450A3B808F} = {EE296BC4-D62A-46D8-BFF2-1160BEA329A3}
		{CC42AC28-F6D9-4ED8-AB05-EC7BB62686B2} = {C012C87C-F21F-4F9C-931B-E1E83AAF2244}
		{A7F4E4B5-F3C8-4F65-9B0F-8B0D868551A3} = {A6E5E0CC-1493-4DC0-B8BE-F917C85D4F11}
		{73EDE243-D179-4BB2-9511-3BC323DF44AE} = {A6E5E0CC-1493-4DC0-B8BE-F917C85D4F11}
		{DE157450-B34E-4177-A069-755AB111579F} = {A7F4E4B5-F3C8-4F65-9B0F-8B0D868551A3}
		{C0D12B6B-3CA0-49CA-9BA6-06FB7F23D14B} = {A7F4E4B5-F3C8-4F65-9B0F-8B0D868551A3}
		{1F578962-0D36-4646-A405-B4D32C64110B} = {A7F4E4B5-F3C8-4F65-9B0F-8B0D868551A3}
		{36CCA5C5-1EE6-4C3C-BAE7-A0CFAB842785} = {A7F4E4B5-F3C8-4F65-9B0F-8B0D868551A3}
		{72C34D5F-5E78-4FA1-8DD3-73664AD32B22} = {73EDE243-D179-4BB2-9511-3BC323DF44AE}
		{7DD64AB8-497A-4E72-A262-D82BBC1F91B5} = {73EDE243-D179-4BB2-9511-3BC323DF44AE}
		{8492FC25-73F5-4643-A008-C095FF560680} = {73EDE243-D179-4BB2-9511-3BC323DF44AE}
		{ACBB5018-8EF9-491D-9AD8-F92543839769} = {73EDE243-D179-4BB2-9511-3BC323DF44AE}
		{FD0A5ED7-FC78-42FE-A57A-51FB75AEF5F8} = {45964842-A752-4C70-843C-8AE32F945660}
		{64F43A16-5D32-42CD-AA06-3FA4A14FD944} = {A6E5E0CC-1493-4DC0-B8BE-F917C85D4F11}
		{115DACE8-8B97-4195-9F20-9E75707A6481} = {64F43A16-5D32-42CD-AA06-3FA4A14FD944}
		{EC0209D6-94B6-4EEA-A48C-56082A48307E} = {64F43A16-5D32-42CD-AA06-3FA4A14FD944}
		{BF907CB7-A703-4C36-8C39-BA104F3E115A} = {64F43A16-5D32-42CD-AA06-3FA4A14FD944}
		{9B72C2CC-7A6F-4674-8908-CD7EF43F1F19} = {64F43A16-5D32-42CD-AA06-3FA4A14FD944}
	EndGlobalSection
	GlobalSection(ProjectConfigurationPlatforms) = postSolution
		{EFB4AA85-FCEE-4233-B7DC-55C0DB26CBC5}.Debug|Any CPU.ActiveCfg = Debug|Any CPU
		{EFB4AA85-FCEE-4233-B7DC-55C0DB26CBC5}.Debug|Any CPU.Build.0 = Debug|Any CPU
		{EFB4AA85-FCEE-4233-B7DC-55C0DB26CBC5}.Release|Any CPU.ActiveCfg = Release|Any CPU
		{EFB4AA85-FCEE-4233-B7DC-55C0DB26CBC5}.Release|Any CPU.Build.0 = Release|Any CPU
		{20C32758-AB48-447F-A630-A941A7303E57}.Debug|Any CPU.ActiveCfg = Debug|Any CPU
		{20C32758-AB48-447F-A630-A941A7303E57}.Debug|Any CPU.Build.0 = Debug|Any CPU
		{20C32758-AB48-447F-A630-A941A7303E57}.Release|Any CPU.ActiveCfg = Release|Any CPU
		{20C32758-AB48-447F-A630-A941A7303E57}.Release|Any CPU.Build.0 = Release|Any CPU
		{B9D0C066-1B50-4420-9B5D-DC0C6D42811A}.Debug|Any CPU.ActiveCfg = Debug|Any CPU
		{B9D0C066-1B50-4420-9B5D-DC0C6D42811A}.Debug|Any CPU.Build.0 = Debug|Any CPU
		{B9D0C066-1B50-4420-9B5D-DC0C6D42811A}.Release|Any CPU.ActiveCfg = Release|Any CPU
		{B9D0C066-1B50-4420-9B5D-DC0C6D42811A}.Release|Any CPU.Build.0 = Release|Any CPU
		{A177AF3D-EFC3-403B-974A-90B4877EF152}.Debug|Any CPU.ActiveCfg = Debug|Any CPU
		{A177AF3D-EFC3-403B-974A-90B4877EF152}.Debug|Any CPU.Build.0 = Debug|Any CPU
		{A177AF3D-EFC3-403B-974A-90B4877EF152}.Release|Any CPU.ActiveCfg = Release|Any CPU
		{A177AF3D-EFC3-403B-974A-90B4877EF152}.Release|Any CPU.Build.0 = Release|Any CPU
		{BA1EB6EC-DCBE-4ED0-BE04-32A324F269CE}.Debug|Any CPU.ActiveCfg = Debug|Any CPU
		{BA1EB6EC-DCBE-4ED0-BE04-32A324F269CE}.Debug|Any CPU.Build.0 = Debug|Any CPU
		{BA1EB6EC-DCBE-4ED0-BE04-32A324F269CE}.Release|Any CPU.ActiveCfg = Release|Any CPU
		{BA1EB6EC-DCBE-4ED0-BE04-32A324F269CE}.Release|Any CPU.Build.0 = Release|Any CPU
		{B3AFE897-0615-4AC7-85E9-E39A3D287704}.Debug|Any CPU.ActiveCfg = Debug|Any CPU
		{B3AFE897-0615-4AC7-85E9-E39A3D287704}.Debug|Any CPU.Build.0 = Debug|Any CPU
		{B3AFE897-0615-4AC7-85E9-E39A3D287704}.Release|Any CPU.ActiveCfg = Release|Any CPU
		{B3AFE897-0615-4AC7-85E9-E39A3D287704}.Release|Any CPU.Build.0 = Release|Any CPU
		{BA646FD2-2EA0-4D41-902A-F3A9D6F9E29C}.Debug|Any CPU.ActiveCfg = Debug|Any CPU
		{BA646FD2-2EA0-4D41-902A-F3A9D6F9E29C}.Debug|Any CPU.Build.0 = Debug|Any CPU
		{BA646FD2-2EA0-4D41-902A-F3A9D6F9E29C}.Release|Any CPU.ActiveCfg = Release|Any CPU
		{BA646FD2-2EA0-4D41-902A-F3A9D6F9E29C}.Release|Any CPU.Build.0 = Release|Any CPU
		{FB358CCA-5354-4AD7-9095-B2B53887B72F}.Debug|Any CPU.ActiveCfg = Debug|Any CPU
		{FB358CCA-5354-4AD7-9095-B2B53887B72F}.Debug|Any CPU.Build.0 = Debug|Any CPU
		{FB358CCA-5354-4AD7-9095-B2B53887B72F}.Release|Any CPU.ActiveCfg = Release|Any CPU
		{FB358CCA-5354-4AD7-9095-B2B53887B72F}.Release|Any CPU.Build.0 = Release|Any CPU
		{B9E3A8D6-E783-46A7-8F14-39626D8174A6}.Debug|Any CPU.ActiveCfg = Debug|Any CPU
		{B9E3A8D6-E783-46A7-8F14-39626D8174A6}.Debug|Any CPU.Build.0 = Debug|Any CPU
		{B9E3A8D6-E783-46A7-8F14-39626D8174A6}.Release|Any CPU.ActiveCfg = Release|Any CPU
		{B9E3A8D6-E783-46A7-8F14-39626D8174A6}.Release|Any CPU.Build.0 = Release|Any CPU
		{3EDCAEFA-B1C4-4E50-9349-5AF1D801E536}.Debug|Any CPU.ActiveCfg = Debug|Any CPU
		{3EDCAEFA-B1C4-4E50-9349-5AF1D801E536}.Debug|Any CPU.Build.0 = Debug|Any CPU
		{3EDCAEFA-B1C4-4E50-9349-5AF1D801E536}.Release|Any CPU.ActiveCfg = Release|Any CPU
		{3EDCAEFA-B1C4-4E50-9349-5AF1D801E536}.Release|Any CPU.Build.0 = Release|Any CPU
		{2FC70EE8-AA9E-4828-A13B-49724F1276E7}.Debug|Any CPU.ActiveCfg = Debug|Any CPU
		{2FC70EE8-AA9E-4828-A13B-49724F1276E7}.Debug|Any CPU.Build.0 = Debug|Any CPU
		{2FC70EE8-AA9E-4828-A13B-49724F1276E7}.Release|Any CPU.ActiveCfg = Release|Any CPU
		{2FC70EE8-AA9E-4828-A13B-49724F1276E7}.Release|Any CPU.Build.0 = Release|Any CPU
		{03A1A3B6-1A33-4015-949E-73682999E4E4}.Debug|Any CPU.ActiveCfg = Debug|Any CPU
		{03A1A3B6-1A33-4015-949E-73682999E4E4}.Debug|Any CPU.Build.0 = Debug|Any CPU
		{03A1A3B6-1A33-4015-949E-73682999E4E4}.Release|Any CPU.ActiveCfg = Release|Any CPU
		{03A1A3B6-1A33-4015-949E-73682999E4E4}.Release|Any CPU.Build.0 = Release|Any CPU
		{1B86439A-B92B-437F-B886-6BFE9DCEC332}.Debug|Any CPU.ActiveCfg = Debug|Any CPU
		{1B86439A-B92B-437F-B886-6BFE9DCEC332}.Debug|Any CPU.Build.0 = Debug|Any CPU
		{1B86439A-B92B-437F-B886-6BFE9DCEC332}.Release|Any CPU.ActiveCfg = Release|Any CPU
		{1B86439A-B92B-437F-B886-6BFE9DCEC332}.Release|Any CPU.Build.0 = Release|Any CPU
		{C65D7923-343C-41AE-B3F6-79B8BDBB6A40}.Debug|Any CPU.ActiveCfg = Debug|Any CPU
		{C65D7923-343C-41AE-B3F6-79B8BDBB6A40}.Debug|Any CPU.Build.0 = Debug|Any CPU
		{C65D7923-343C-41AE-B3F6-79B8BDBB6A40}.Release|Any CPU.ActiveCfg = Release|Any CPU
		{C65D7923-343C-41AE-B3F6-79B8BDBB6A40}.Release|Any CPU.Build.0 = Release|Any CPU
		{413171BC-AE51-4255-9079-4B3B6073C8B8}.Debug|Any CPU.ActiveCfg = Debug|Any CPU
		{413171BC-AE51-4255-9079-4B3B6073C8B8}.Debug|Any CPU.Build.0 = Debug|Any CPU
		{413171BC-AE51-4255-9079-4B3B6073C8B8}.Release|Any CPU.ActiveCfg = Release|Any CPU
		{413171BC-AE51-4255-9079-4B3B6073C8B8}.Release|Any CPU.Build.0 = Release|Any CPU
		{D25ACA63-4A39-4F40-92BA-89ED4E151180}.Debug|Any CPU.ActiveCfg = Debug|Any CPU
		{D25ACA63-4A39-4F40-92BA-89ED4E151180}.Debug|Any CPU.Build.0 = Debug|Any CPU
		{D25ACA63-4A39-4F40-92BA-89ED4E151180}.Release|Any CPU.ActiveCfg = Release|Any CPU
		{D25ACA63-4A39-4F40-92BA-89ED4E151180}.Release|Any CPU.Build.0 = Release|Any CPU
		{AFA51ACE-E16D-45D3-BCD5-F5D36D7BAA41}.Debug|Any CPU.ActiveCfg = Debug|Any CPU
		{AFA51ACE-E16D-45D3-BCD5-F5D36D7BAA41}.Debug|Any CPU.Build.0 = Debug|Any CPU
		{AFA51ACE-E16D-45D3-BCD5-F5D36D7BAA41}.Release|Any CPU.ActiveCfg = Release|Any CPU
		{AFA51ACE-E16D-45D3-BCD5-F5D36D7BAA41}.Release|Any CPU.Build.0 = Release|Any CPU
		{0F4E2077-EDA0-40CB-96F0-D06B1BA4995C}.Debug|Any CPU.ActiveCfg = Debug|Any CPU
		{0F4E2077-EDA0-40CB-96F0-D06B1BA4995C}.Debug|Any CPU.Build.0 = Debug|Any CPU
		{0F4E2077-EDA0-40CB-96F0-D06B1BA4995C}.Release|Any CPU.ActiveCfg = Release|Any CPU
		{0F4E2077-EDA0-40CB-96F0-D06B1BA4995C}.Release|Any CPU.Build.0 = Release|Any CPU
		{556326C7-0166-4796-9923-55DE53A31965}.Debug|Any CPU.ActiveCfg = Debug|Any CPU
		{556326C7-0166-4796-9923-55DE53A31965}.Debug|Any CPU.Build.0 = Debug|Any CPU
		{556326C7-0166-4796-9923-55DE53A31965}.Release|Any CPU.ActiveCfg = Release|Any CPU
		{556326C7-0166-4796-9923-55DE53A31965}.Release|Any CPU.Build.0 = Release|Any CPU
		{BABBF4DE-4D17-4E37-8984-7F450A3B808F}.Debug|Any CPU.ActiveCfg = Debug|Any CPU
		{BABBF4DE-4D17-4E37-8984-7F450A3B808F}.Debug|Any CPU.Build.0 = Debug|Any CPU
		{BABBF4DE-4D17-4E37-8984-7F450A3B808F}.Release|Any CPU.ActiveCfg = Release|Any CPU
		{BABBF4DE-4D17-4E37-8984-7F450A3B808F}.Release|Any CPU.Build.0 = Release|Any CPU
		{CC42AC28-F6D9-4ED8-AB05-EC7BB62686B2}.Debug|Any CPU.ActiveCfg = Debug|Any CPU
		{CC42AC28-F6D9-4ED8-AB05-EC7BB62686B2}.Debug|Any CPU.Build.0 = Debug|Any CPU
		{CC42AC28-F6D9-4ED8-AB05-EC7BB62686B2}.Release|Any CPU.ActiveCfg = Release|Any CPU
		{CC42AC28-F6D9-4ED8-AB05-EC7BB62686B2}.Release|Any CPU.Build.0 = Release|Any CPU
		{DE157450-B34E-4177-A069-755AB111579F}.Debug|Any CPU.ActiveCfg = Debug|Any CPU
		{DE157450-B34E-4177-A069-755AB111579F}.Debug|Any CPU.Build.0 = Debug|Any CPU
		{DE157450-B34E-4177-A069-755AB111579F}.Release|Any CPU.ActiveCfg = Release|Any CPU
		{DE157450-B34E-4177-A069-755AB111579F}.Release|Any CPU.Build.0 = Release|Any CPU
		{C0D12B6B-3CA0-49CA-9BA6-06FB7F23D14B}.Debug|Any CPU.ActiveCfg = Debug|Any CPU
		{C0D12B6B-3CA0-49CA-9BA6-06FB7F23D14B}.Debug|Any CPU.Build.0 = Debug|Any CPU
		{C0D12B6B-3CA0-49CA-9BA6-06FB7F23D14B}.Release|Any CPU.ActiveCfg = Release|Any CPU
		{C0D12B6B-3CA0-49CA-9BA6-06FB7F23D14B}.Release|Any CPU.Build.0 = Release|Any CPU
		{1F578962-0D36-4646-A405-B4D32C64110B}.Debug|Any CPU.ActiveCfg = Debug|Any CPU
		{1F578962-0D36-4646-A405-B4D32C64110B}.Debug|Any CPU.Build.0 = Debug|Any CPU
		{1F578962-0D36-4646-A405-B4D32C64110B}.Release|Any CPU.ActiveCfg = Release|Any CPU
		{1F578962-0D36-4646-A405-B4D32C64110B}.Release|Any CPU.Build.0 = Release|Any CPU
		{36CCA5C5-1EE6-4C3C-BAE7-A0CFAB842785}.Debug|Any CPU.ActiveCfg = Debug|Any CPU
		{36CCA5C5-1EE6-4C3C-BAE7-A0CFAB842785}.Debug|Any CPU.Build.0 = Debug|Any CPU
		{36CCA5C5-1EE6-4C3C-BAE7-A0CFAB842785}.Release|Any CPU.ActiveCfg = Release|Any CPU
		{36CCA5C5-1EE6-4C3C-BAE7-A0CFAB842785}.Release|Any CPU.Build.0 = Release|Any CPU
		{72C34D5F-5E78-4FA1-8DD3-73664AD32B22}.Debug|Any CPU.ActiveCfg = Debug|Any CPU
		{72C34D5F-5E78-4FA1-8DD3-73664AD32B22}.Debug|Any CPU.Build.0 = Debug|Any CPU
		{72C34D5F-5E78-4FA1-8DD3-73664AD32B22}.Release|Any CPU.ActiveCfg = Release|Any CPU
		{72C34D5F-5E78-4FA1-8DD3-73664AD32B22}.Release|Any CPU.Build.0 = Release|Any CPU
		{7DD64AB8-497A-4E72-A262-D82BBC1F91B5}.Debug|Any CPU.ActiveCfg = Debug|Any CPU
		{7DD64AB8-497A-4E72-A262-D82BBC1F91B5}.Debug|Any CPU.Build.0 = Debug|Any CPU
		{7DD64AB8-497A-4E72-A262-D82BBC1F91B5}.Release|Any CPU.ActiveCfg = Release|Any CPU
		{7DD64AB8-497A-4E72-A262-D82BBC1F91B5}.Release|Any CPU.Build.0 = Release|Any CPU
		{8492FC25-73F5-4643-A008-C095FF560680}.Debug|Any CPU.ActiveCfg = Debug|Any CPU
		{8492FC25-73F5-4643-A008-C095FF560680}.Debug|Any CPU.Build.0 = Debug|Any CPU
		{8492FC25-73F5-4643-A008-C095FF560680}.Release|Any CPU.ActiveCfg = Release|Any CPU
		{8492FC25-73F5-4643-A008-C095FF560680}.Release|Any CPU.Build.0 = Release|Any CPU
		{ACBB5018-8EF9-491D-9AD8-F92543839769}.Debug|Any CPU.ActiveCfg = Debug|Any CPU
		{ACBB5018-8EF9-491D-9AD8-F92543839769}.Debug|Any CPU.Build.0 = Debug|Any CPU
		{ACBB5018-8EF9-491D-9AD8-F92543839769}.Release|Any CPU.ActiveCfg = Release|Any CPU
		{ACBB5018-8EF9-491D-9AD8-F92543839769}.Release|Any CPU.Build.0 = Release|Any CPU
		{FD0A5ED7-FC78-42FE-A57A-51FB75AEF5F8}.Debug|Any CPU.ActiveCfg = Debug|Any CPU
		{FD0A5ED7-FC78-42FE-A57A-51FB75AEF5F8}.Debug|Any CPU.Build.0 = Debug|Any CPU
		{FD0A5ED7-FC78-42FE-A57A-51FB75AEF5F8}.Release|Any CPU.ActiveCfg = Release|Any CPU
		{FD0A5ED7-FC78-42FE-A57A-51FB75AEF5F8}.Release|Any CPU.Build.0 = Release|Any CPU
		{115DACE8-8B97-4195-9F20-9E75707A6481}.Debug|Any CPU.ActiveCfg = Debug|Any CPU
		{115DACE8-8B97-4195-9F20-9E75707A6481}.Debug|Any CPU.Build.0 = Debug|Any CPU
		{115DACE8-8B97-4195-9F20-9E75707A6481}.Release|Any CPU.ActiveCfg = Release|Any CPU
		{115DACE8-8B97-4195-9F20-9E75707A6481}.Release|Any CPU.Build.0 = Release|Any CPU
		{EC0209D6-94B6-4EEA-A48C-56082A48307E}.Debug|Any CPU.ActiveCfg = Debug|Any CPU
		{EC0209D6-94B6-4EEA-A48C-56082A48307E}.Debug|Any CPU.Build.0 = Debug|Any CPU
		{EC0209D6-94B6-4EEA-A48C-56082A48307E}.Release|Any CPU.ActiveCfg = Release|Any CPU
		{EC0209D6-94B6-4EEA-A48C-56082A48307E}.Release|Any CPU.Build.0 = Release|Any CPU
		{BF907CB7-A703-4C36-8C39-BA104F3E115A}.Debug|Any CPU.ActiveCfg = Debug|Any CPU
		{BF907CB7-A703-4C36-8C39-BA104F3E115A}.Debug|Any CPU.Build.0 = Debug|Any CPU
		{BF907CB7-A703-4C36-8C39-BA104F3E115A}.Release|Any CPU.ActiveCfg = Release|Any CPU
		{BF907CB7-A703-4C36-8C39-BA104F3E115A}.Release|Any CPU.Build.0 = Release|Any CPU
		{9B72C2CC-7A6F-4674-8908-CD7EF43F1F19}.Debug|Any CPU.ActiveCfg = Debug|Any CPU
		{9B72C2CC-7A6F-4674-8908-CD7EF43F1F19}.Debug|Any CPU.Build.0 = Debug|Any CPU
		{9B72C2CC-7A6F-4674-8908-CD7EF43F1F19}.Release|Any CPU.ActiveCfg = Release|Any CPU
		{9B72C2CC-7A6F-4674-8908-CD7EF43F1F19}.Release|Any CPU.Build.0 = Release|Any CPU
	EndGlobalSection
EndGlobal
