
Microsoft Visual Studio Solution File, Format Version 12.00
Project("{2150E333-8FDC-42A3-9474-1A3956D46DE8}") = "Services", "Services", "{A6E5E0CC-1493-4DC0-B8BE-F917C85D4F11}"
EndProject
Project("{2150E333-8FDC-42A3-9474-1A3956D46DE8}") = "Catalog", "Catalog", "{337BBAC9-73D8-43DD-9145-672E4BC92633}"
EndProject
Project("{2150E333-8FDC-42A3-9474-1A3956D46DE8}") = "Identity", "Identity", "{C012C87C-F21F-4F9C-931B-E1E83AAF2244}"
EndProject
Project("{2150E333-8FDC-42A3-9474-1A3956D46DE8}") = "Command", "Command", "{3CF454D8-E2EF-4C11-9CC5-A6BFA3BC6F13}"
EndProject
Project("{2150E333-8FDC-42A3-9474-1A3956D46DE8}") = "Query", "Query", "{4BBA3908-D2E4-409F-A2D2-8ADF077884A5}"
EndProject
Project("{FAE04EC0-301F-11D3-BF4B-00C04F79EFBC}") = "Application", "src\Services\Catalog\Command\Application\Application.csproj", "{5AB09CB4-870A-48CB-AB16-C463BAF3BA05}"
EndProject
Project("{2150E333-8FDC-42A3-9474-1A3956D46DE8}") = "BuildingBlock", "BuildingBlock", "{F3ACC1C1-5F04-4AF3-8963-B105DD5A912A}"
EndProject
Project("{FAE04EC0-301F-11D3-BF4B-00C04F79EFBC}") = "cShop.Core", "src\BuildingBlock\cShop.Core\cShop.Core.csproj", "{EFB4AA85-FCEE-4233-B7DC-55C0DB26CBC5}"
EndProject
Project("{FAE04EC0-301F-11D3-BF4B-00C04F79EFBC}") = "cShop.Infrastructure", "src\BuildingBlock\cShop.Infrastructure\cShop.Infrastructure.csproj", "{20C32758-AB48-447F-A630-A941A7303E57}"
EndProject
Project("{FAE04EC0-301F-11D3-BF4B-00C04F79EFBC}") = "Domain", "src\Services\Catalog\Command\Domain\Domain.csproj", "{76500008-A747-40DA-8216-C17B6ABCDEAB}"
EndProject
Project("{FAE04EC0-301F-11D3-BF4B-00C04F79EFBC}") = "EventStore", "src\Services\Catalog\Command\EventStore\EventStore.csproj", "{46AB2656-5250-4F62-9296-CF079978D2B9}"
EndProject
Project("{FAE04EC0-301F-11D3-BF4B-00C04F79EFBC}") = "Infrastructure", "src\Services\Catalog\Command\Infrastructure\Infrastructure.csproj", "{084F903C-35DD-4BE4-9F35-59D952B5B998}"
EndProject
Project("{FAE04EC0-301F-11D3-BF4B-00C04F79EFBC}") = "cShop.Infrastructure.MongoDb", "src\BuildingBlock\cShop.Infrastructure.MongoDb\cShop.Infrastructure.MongoDb.csproj", "{1EAB2C23-82D9-448C-A206-ED551A070EC0}"
EndProject
Project("{FAE04EC0-301F-11D3-BF4B-00C04F79EFBC}") = "cShop.Infrastructure.EfCore", "src\BuildingBlock\cShop.Infrastructure.EfCore\cShop.Infrastructure.EfCore.csproj", "{1F2F6BD4-783E-4CBD-8B54-24247C664BF2}"
EndProject
Project("{FAE04EC0-301F-11D3-BF4B-00C04F79EFBC}") = "MessageBus", "src\Services\Catalog\Command\MessageBus\MessageBus.csproj", "{F617B94C-EB81-4004-A9F8-5A62D6ED5D70}"
EndProject
Project("{FAE04EC0-301F-11D3-BF4B-00C04F79EFBC}") = "Application", "src\Services\Catalog\Query\Application\Application.csproj", "{52ED7D49-059C-4ACC-B55D-600267BCD05D}"
EndProject
Project("{FAE04EC0-301F-11D3-BF4B-00C04F79EFBC}") = "Projections", "src\Services\Catalog\Query\Projections\Projections.csproj", "{50834FE3-A034-447B-94F5-1A51A139D433}"
EndProject
Project("{FAE04EC0-301F-11D3-BF4B-00C04F79EFBC}") = "EventBus", "src\Services\Catalog\Query\EventBus\EventBus.csproj", "{DA15FB0C-D5EE-4E92-AADE-36C9E1731EDA}"
EndProject
Project("{FAE04EC0-301F-11D3-BF4B-00C04F79EFBC}") = "cShop.Contracts", "src\BuildingBlock\cShop.Contracts\cShop.Contracts.csproj", "{B9D0C066-1B50-4420-9B5D-DC0C6D42811A}"
EndProject
Project("{FAE04EC0-301F-11D3-BF4B-00C04F79EFBC}") = "cShop.Infrastructure.Ole", "src\BuildingBlock\cShop.Infrastructure.Ole\cShop.Infrastructure.Ole.csproj", "{0C25A5B8-34F3-4454-AF57-0DF53FA53748}"
EndProject
Project("{2150E333-8FDC-42A3-9474-1A3956D46DE8}") = "Basket", "Basket", "{CFEAB618-4DB8-41DE-BA44-3CF6C6BFA3AC}"
EndProject
Project("{FAE04EC0-301F-11D3-BF4B-00C04F79EFBC}") = "Infrastructure", "src\Services\Catalog\Query\Infrastructure\Infrastructure.csproj", "{F5521F3C-D561-47EF-99B0-E5902724836B}"
EndProject
Project("{FAE04EC0-301F-11D3-BF4B-00C04F79EFBC}") = "Application", "src\Services\Basket\Command\Application\Application.csproj", "{39E810FF-B77F-41DB-9258-0EFB26ABACE7}"
EndProject
Project("{2150E333-8FDC-42A3-9474-1A3956D46DE8}") = "Command", "Command", "{28E06573-27A6-42C6-934B-4C28CFD26462}"
EndProject
Project("{FAE04EC0-301F-11D3-BF4B-00C04F79EFBC}") = "MessageBus", "src\Services\Basket\Command\MessageBus\MessageBus.csproj", "{725496DB-2C03-4FC8-86A0-6178EFCC5917}"
EndProject
Project("{FAE04EC0-301F-11D3-BF4B-00C04F79EFBC}") = "Domain", "src\Services\Basket\Command\Domain\Domain.csproj", "{26EA3573-882F-4439-A500-09476342AEE4}"
EndProject
Project("{FAE04EC0-301F-11D3-BF4B-00C04F79EFBC}") = "GrpcService", "src\Services\Catalog\Query\GrpcService\GrpcService.csproj", "{CF409266-9211-4749-8F6E-26D2BC248641}"
EndProject
Project("{2150E333-8FDC-42A3-9474-1A3956D46DE8}") = "__", "__", "{188AFA8C-065E-45A8-A204-2150D27EC205}"
	ProjectSection(SolutionItems) = preProject
		GlobalUsing.props = GlobalUsing.props
	EndProjectSection
EndProject
Project("{FAE04EC0-301F-11D3-BF4B-00C04F79EFBC}") = "Infrastructure", "src\Services\Basket\Command\Infrastructure\Infrastructure.csproj", "{446195AD-3C40-4466-A380-E710B6FE588C}"
EndProject
Global
	GlobalSection(SolutionConfigurationPlatforms) = preSolution
		Debug|Any CPU = Debug|Any CPU
		Release|Any CPU = Release|Any CPU
	EndGlobalSection
	GlobalSection(NestedProjects) = preSolution
		{337BBAC9-73D8-43DD-9145-672E4BC92633} = {A6E5E0CC-1493-4DC0-B8BE-F917C85D4F11}
		{C012C87C-F21F-4F9C-931B-E1E83AAF2244} = {A6E5E0CC-1493-4DC0-B8BE-F917C85D4F11}
		{3CF454D8-E2EF-4C11-9CC5-A6BFA3BC6F13} = {337BBAC9-73D8-43DD-9145-672E4BC92633}
		{4BBA3908-D2E4-409F-A2D2-8ADF077884A5} = {337BBAC9-73D8-43DD-9145-672E4BC92633}
		{5AB09CB4-870A-48CB-AB16-C463BAF3BA05} = {3CF454D8-E2EF-4C11-9CC5-A6BFA3BC6F13}
		{EFB4AA85-FCEE-4233-B7DC-55C0DB26CBC5} = {F3ACC1C1-5F04-4AF3-8963-B105DD5A912A}
		{20C32758-AB48-447F-A630-A941A7303E57} = {F3ACC1C1-5F04-4AF3-8963-B105DD5A912A}
		{76500008-A747-40DA-8216-C17B6ABCDEAB} = {3CF454D8-E2EF-4C11-9CC5-A6BFA3BC6F13}
		{46AB2656-5250-4F62-9296-CF079978D2B9} = {3CF454D8-E2EF-4C11-9CC5-A6BFA3BC6F13}
		{084F903C-35DD-4BE4-9F35-59D952B5B998} = {3CF454D8-E2EF-4C11-9CC5-A6BFA3BC6F13}
		{1EAB2C23-82D9-448C-A206-ED551A070EC0} = {F3ACC1C1-5F04-4AF3-8963-B105DD5A912A}
		{1F2F6BD4-783E-4CBD-8B54-24247C664BF2} = {F3ACC1C1-5F04-4AF3-8963-B105DD5A912A}
		{F617B94C-EB81-4004-A9F8-5A62D6ED5D70} = {3CF454D8-E2EF-4C11-9CC5-A6BFA3BC6F13}
		{52ED7D49-059C-4ACC-B55D-600267BCD05D} = {4BBA3908-D2E4-409F-A2D2-8ADF077884A5}
		{50834FE3-A034-447B-94F5-1A51A139D433} = {4BBA3908-D2E4-409F-A2D2-8ADF077884A5}
		{DA15FB0C-D5EE-4E92-AADE-36C9E1731EDA} = {4BBA3908-D2E4-409F-A2D2-8ADF077884A5}
		{B9D0C066-1B50-4420-9B5D-DC0C6D42811A} = {F3ACC1C1-5F04-4AF3-8963-B105DD5A912A}
		{0C25A5B8-34F3-4454-AF57-0DF53FA53748} = {F3ACC1C1-5F04-4AF3-8963-B105DD5A912A}
		{CFEAB618-4DB8-41DE-BA44-3CF6C6BFA3AC} = {A6E5E0CC-1493-4DC0-B8BE-F917C85D4F11}
		{F5521F3C-D561-47EF-99B0-E5902724836B} = {4BBA3908-D2E4-409F-A2D2-8ADF077884A5}
		{28E06573-27A6-42C6-934B-4C28CFD26462} = {CFEAB618-4DB8-41DE-BA44-3CF6C6BFA3AC}
		{39E810FF-B77F-41DB-9258-0EFB26ABACE7} = {28E06573-27A6-42C6-934B-4C28CFD26462}
		{725496DB-2C03-4FC8-86A0-6178EFCC5917} = {28E06573-27A6-42C6-934B-4C28CFD26462}
		{26EA3573-882F-4439-A500-09476342AEE4} = {28E06573-27A6-42C6-934B-4C28CFD26462}
		{CF409266-9211-4749-8F6E-26D2BC248641} = {4BBA3908-D2E4-409F-A2D2-8ADF077884A5}
		{446195AD-3C40-4466-A380-E710B6FE588C} = {28E06573-27A6-42C6-934B-4C28CFD26462}
	EndGlobalSection
	GlobalSection(ProjectConfigurationPlatforms) = postSolution
		{5AB09CB4-870A-48CB-AB16-C463BAF3BA05}.Debug|Any CPU.ActiveCfg = Debug|Any CPU
		{5AB09CB4-870A-48CB-AB16-C463BAF3BA05}.Debug|Any CPU.Build.0 = Debug|Any CPU
		{5AB09CB4-870A-48CB-AB16-C463BAF3BA05}.Release|Any CPU.ActiveCfg = Release|Any CPU
		{5AB09CB4-870A-48CB-AB16-C463BAF3BA05}.Release|Any CPU.Build.0 = Release|Any CPU
		{EFB4AA85-FCEE-4233-B7DC-55C0DB26CBC5}.Debug|Any CPU.ActiveCfg = Debug|Any CPU
		{EFB4AA85-FCEE-4233-B7DC-55C0DB26CBC5}.Debug|Any CPU.Build.0 = Debug|Any CPU
		{EFB4AA85-FCEE-4233-B7DC-55C0DB26CBC5}.Release|Any CPU.ActiveCfg = Release|Any CPU
		{EFB4AA85-FCEE-4233-B7DC-55C0DB26CBC5}.Release|Any CPU.Build.0 = Release|Any CPU
		{20C32758-AB48-447F-A630-A941A7303E57}.Debug|Any CPU.ActiveCfg = Debug|Any CPU
		{20C32758-AB48-447F-A630-A941A7303E57}.Debug|Any CPU.Build.0 = Debug|Any CPU
		{20C32758-AB48-447F-A630-A941A7303E57}.Release|Any CPU.ActiveCfg = Release|Any CPU
		{20C32758-AB48-447F-A630-A941A7303E57}.Release|Any CPU.Build.0 = Release|Any CPU
		{76500008-A747-40DA-8216-C17B6ABCDEAB}.Debug|Any CPU.ActiveCfg = Debug|Any CPU
		{76500008-A747-40DA-8216-C17B6ABCDEAB}.Debug|Any CPU.Build.0 = Debug|Any CPU
		{76500008-A747-40DA-8216-C17B6ABCDEAB}.Release|Any CPU.ActiveCfg = Release|Any CPU
		{76500008-A747-40DA-8216-C17B6ABCDEAB}.Release|Any CPU.Build.0 = Release|Any CPU
		{46AB2656-5250-4F62-9296-CF079978D2B9}.Debug|Any CPU.ActiveCfg = Debug|Any CPU
		{46AB2656-5250-4F62-9296-CF079978D2B9}.Debug|Any CPU.Build.0 = Debug|Any CPU
		{46AB2656-5250-4F62-9296-CF079978D2B9}.Release|Any CPU.ActiveCfg = Release|Any CPU
		{46AB2656-5250-4F62-9296-CF079978D2B9}.Release|Any CPU.Build.0 = Release|Any CPU
		{084F903C-35DD-4BE4-9F35-59D952B5B998}.Debug|Any CPU.ActiveCfg = Debug|Any CPU
		{084F903C-35DD-4BE4-9F35-59D952B5B998}.Debug|Any CPU.Build.0 = Debug|Any CPU
		{084F903C-35DD-4BE4-9F35-59D952B5B998}.Release|Any CPU.ActiveCfg = Release|Any CPU
		{084F903C-35DD-4BE4-9F35-59D952B5B998}.Release|Any CPU.Build.0 = Release|Any CPU
		{1EAB2C23-82D9-448C-A206-ED551A070EC0}.Debug|Any CPU.ActiveCfg = Debug|Any CPU
		{1EAB2C23-82D9-448C-A206-ED551A070EC0}.Debug|Any CPU.Build.0 = Debug|Any CPU
		{1EAB2C23-82D9-448C-A206-ED551A070EC0}.Release|Any CPU.ActiveCfg = Release|Any CPU
		{1EAB2C23-82D9-448C-A206-ED551A070EC0}.Release|Any CPU.Build.0 = Release|Any CPU
		{1F2F6BD4-783E-4CBD-8B54-24247C664BF2}.Debug|Any CPU.ActiveCfg = Debug|Any CPU
		{1F2F6BD4-783E-4CBD-8B54-24247C664BF2}.Debug|Any CPU.Build.0 = Debug|Any CPU
		{1F2F6BD4-783E-4CBD-8B54-24247C664BF2}.Release|Any CPU.ActiveCfg = Release|Any CPU
		{1F2F6BD4-783E-4CBD-8B54-24247C664BF2}.Release|Any CPU.Build.0 = Release|Any CPU
		{F617B94C-EB81-4004-A9F8-5A62D6ED5D70}.Debug|Any CPU.ActiveCfg = Debug|Any CPU
		{F617B94C-EB81-4004-A9F8-5A62D6ED5D70}.Debug|Any CPU.Build.0 = Debug|Any CPU
		{F617B94C-EB81-4004-A9F8-5A62D6ED5D70}.Release|Any CPU.ActiveCfg = Release|Any CPU
		{F617B94C-EB81-4004-A9F8-5A62D6ED5D70}.Release|Any CPU.Build.0 = Release|Any CPU
		{52ED7D49-059C-4ACC-B55D-600267BCD05D}.Debug|Any CPU.ActiveCfg = Debug|Any CPU
		{52ED7D49-059C-4ACC-B55D-600267BCD05D}.Debug|Any CPU.Build.0 = Debug|Any CPU
		{52ED7D49-059C-4ACC-B55D-600267BCD05D}.Release|Any CPU.ActiveCfg = Release|Any CPU
		{52ED7D49-059C-4ACC-B55D-600267BCD05D}.Release|Any CPU.Build.0 = Release|Any CPU
		{50834FE3-A034-447B-94F5-1A51A139D433}.Debug|Any CPU.ActiveCfg = Debug|Any CPU
		{50834FE3-A034-447B-94F5-1A51A139D433}.Debug|Any CPU.Build.0 = Debug|Any CPU
		{50834FE3-A034-447B-94F5-1A51A139D433}.Release|Any CPU.ActiveCfg = Release|Any CPU
		{50834FE3-A034-447B-94F5-1A51A139D433}.Release|Any CPU.Build.0 = Release|Any CPU
		{DA15FB0C-D5EE-4E92-AADE-36C9E1731EDA}.Debug|Any CPU.ActiveCfg = Debug|Any CPU
		{DA15FB0C-D5EE-4E92-AADE-36C9E1731EDA}.Debug|Any CPU.Build.0 = Debug|Any CPU
		{DA15FB0C-D5EE-4E92-AADE-36C9E1731EDA}.Release|Any CPU.ActiveCfg = Release|Any CPU
		{DA15FB0C-D5EE-4E92-AADE-36C9E1731EDA}.Release|Any CPU.Build.0 = Release|Any CPU
		{B9D0C066-1B50-4420-9B5D-DC0C6D42811A}.Debug|Any CPU.ActiveCfg = Debug|Any CPU
		{B9D0C066-1B50-4420-9B5D-DC0C6D42811A}.Debug|Any CPU.Build.0 = Debug|Any CPU
		{B9D0C066-1B50-4420-9B5D-DC0C6D42811A}.Release|Any CPU.ActiveCfg = Release|Any CPU
		{B9D0C066-1B50-4420-9B5D-DC0C6D42811A}.Release|Any CPU.Build.0 = Release|Any CPU
		{0C25A5B8-34F3-4454-AF57-0DF53FA53748}.Debug|Any CPU.ActiveCfg = Debug|Any CPU
		{0C25A5B8-34F3-4454-AF57-0DF53FA53748}.Debug|Any CPU.Build.0 = Debug|Any CPU
		{0C25A5B8-34F3-4454-AF57-0DF53FA53748}.Release|Any CPU.ActiveCfg = Release|Any CPU
		{0C25A5B8-34F3-4454-AF57-0DF53FA53748}.Release|Any CPU.Build.0 = Release|Any CPU
		{F5521F3C-D561-47EF-99B0-E5902724836B}.Debug|Any CPU.ActiveCfg = Debug|Any CPU
		{F5521F3C-D561-47EF-99B0-E5902724836B}.Debug|Any CPU.Build.0 = Debug|Any CPU
		{F5521F3C-D561-47EF-99B0-E5902724836B}.Release|Any CPU.ActiveCfg = Release|Any CPU
		{F5521F3C-D561-47EF-99B0-E5902724836B}.Release|Any CPU.Build.0 = Release|Any CPU
		{39E810FF-B77F-41DB-9258-0EFB26ABACE7}.Debug|Any CPU.ActiveCfg = Debug|Any CPU
		{39E810FF-B77F-41DB-9258-0EFB26ABACE7}.Debug|Any CPU.Build.0 = Debug|Any CPU
		{39E810FF-B77F-41DB-9258-0EFB26ABACE7}.Release|Any CPU.ActiveCfg = Release|Any CPU
		{39E810FF-B77F-41DB-9258-0EFB26ABACE7}.Release|Any CPU.Build.0 = Release|Any CPU
		{725496DB-2C03-4FC8-86A0-6178EFCC5917}.Debug|Any CPU.ActiveCfg = Debug|Any CPU
		{725496DB-2C03-4FC8-86A0-6178EFCC5917}.Debug|Any CPU.Build.0 = Debug|Any CPU
		{725496DB-2C03-4FC8-86A0-6178EFCC5917}.Release|Any CPU.ActiveCfg = Release|Any CPU
		{725496DB-2C03-4FC8-86A0-6178EFCC5917}.Release|Any CPU.Build.0 = Release|Any CPU
		{26EA3573-882F-4439-A500-09476342AEE4}.Debug|Any CPU.ActiveCfg = Debug|Any CPU
		{26EA3573-882F-4439-A500-09476342AEE4}.Debug|Any CPU.Build.0 = Debug|Any CPU
		{26EA3573-882F-4439-A500-09476342AEE4}.Release|Any CPU.ActiveCfg = Release|Any CPU
		{26EA3573-882F-4439-A500-09476342AEE4}.Release|Any CPU.Build.0 = Release|Any CPU
		{CF409266-9211-4749-8F6E-26D2BC248641}.Debug|Any CPU.ActiveCfg = Debug|Any CPU
		{CF409266-9211-4749-8F6E-26D2BC248641}.Debug|Any CPU.Build.0 = Debug|Any CPU
		{CF409266-9211-4749-8F6E-26D2BC248641}.Release|Any CPU.ActiveCfg = Release|Any CPU
		{CF409266-9211-4749-8F6E-26D2BC248641}.Release|Any CPU.Build.0 = Release|Any CPU
		{446195AD-3C40-4466-A380-E710B6FE588C}.Debug|Any CPU.ActiveCfg = Debug|Any CPU
		{446195AD-3C40-4466-A380-E710B6FE588C}.Debug|Any CPU.Build.0 = Debug|Any CPU
		{446195AD-3C40-4466-A380-E710B6FE588C}.Release|Any CPU.ActiveCfg = Release|Any CPU
		{446195AD-3C40-4466-A380-E710B6FE588C}.Release|Any CPU.Build.0 = Release|Any CPU
	EndGlobalSection
EndGlobal
