
Microsoft Visual Studio Solution File, Format Version 12.00
Project("{2150E333-8FDC-42A3-9474-1A3956D46DE8}") = "Services", "Services", "{A6E5E0CC-1493-4DC0-B8BE-F917C85D4F11}"
EndProject
Project("{2150E333-8FDC-42A3-9474-1A3956D46DE8}") = "Catalog", "Catalog", "{337BBAC9-73D8-43DD-9145-672E4BC92633}"
EndProject
Project("{2150E333-8FDC-42A3-9474-1A3956D46DE8}") = "Identity", "Identity", "{C012C87C-F21F-4F9C-931B-E1E83AAF2244}"
EndProject
Project("{2150E333-8FDC-42A3-9474-1A3956D46DE8}") = "BuildingBlock", "BuildingBlock", "{F3ACC1C1-5F04-4AF3-8963-B105DD5A912A}"
EndProject
Project("{FAE04EC0-301F-11D3-BF4B-00C04F79EFBC}") = "cShop.Core", "src\BuildingBlock\cShop.Core\cShop.Core.csproj", "{EFB4AA85-FCEE-4233-B7DC-55C0DB26CBC5}"
EndProject
Project("{FAE04EC0-301F-11D3-BF4B-00C04F79EFBC}") = "cShop.Infrastructure", "src\BuildingBlock\cShop.Infrastructure\cShop.Infrastructure.csproj", "{20C32758-AB48-447F-A630-A941A7303E57}"
EndProject
Project("{FAE04EC0-301F-11D3-BF4B-00C04F79EFBC}") = "cShop.Infrastructure.MongoDb", "src\BuildingBlock\cShop.Infrastructure.MongoDb\cShop.Infrastructure.MongoDb.csproj", "{1EAB2C23-82D9-448C-A206-ED551A070EC0}"
EndProject
Project("{FAE04EC0-301F-11D3-BF4B-00C04F79EFBC}") = "cShop.Infrastructure.EfCore", "src\BuildingBlock\cShop.Infrastructure.EfCore\cShop.Infrastructure.EfCore.csproj", "{1F2F6BD4-783E-4CBD-8B54-24247C664BF2}"
EndProject
Project("{FAE04EC0-301F-11D3-BF4B-00C04F79EFBC}") = "cShop.Contracts", "src\BuildingBlock\cShop.Contracts\cShop.Contracts.csproj", "{B9D0C066-1B50-4420-9B5D-DC0C6D42811A}"
EndProject
Project("{FAE04EC0-301F-11D3-BF4B-00C04F79EFBC}") = "cShop.Infrastructure.Ole", "src\BuildingBlock\cShop.Infrastructure.Ole\cShop.Infrastructure.Ole.csproj", "{0C25A5B8-34F3-4454-AF57-0DF53FA53748}"
EndProject
Project("{2150E333-8FDC-42A3-9474-1A3956D46DE8}") = "Basket", "Basket", "{CFEAB618-4DB8-41DE-BA44-3CF6C6BFA3AC}"
EndProject
Project("{2150E333-8FDC-42A3-9474-1A3956D46DE8}") = "__", "__", "{188AFA8C-065E-45A8-A204-2150D27EC205}"
	ProjectSection(SolutionItems) = preProject
		GlobalUsing.props = GlobalUsing.props
	EndProjectSection
EndProject
Project("{FAE04EC0-301F-11D3-BF4B-00C04F79EFBC}") = "IdentityServer", "src\Services\IdentityServer\IdentityServer.csproj", "{C4101DAB-E65A-4DC7-B149-2CDD03955160}"
EndProject
Project("{FAE04EC0-301F-11D3-BF4B-00C04F79EFBC}") = "Application", "src\Services\Basket\Application\Application.csproj", "{A177AF3D-EFC3-403B-974A-90B4877EF152}"
EndProject
Project("{FAE04EC0-301F-11D3-BF4B-00C04F79EFBC}") = "WebApi", "src\Services\Basket\WebApi\WebApi.csproj", "{BA1EB6EC-DCBE-4ED0-BE04-32A324F269CE}"
EndProject
Project("{FAE04EC0-301F-11D3-BF4B-00C04F79EFBC}") = "Domain", "src\Services\Basket\Domain\Domain.csproj", "{B3AFE897-0615-4AC7-85E9-E39A3D287704}"
EndProject
Project("{FAE04EC0-301F-11D3-BF4B-00C04F79EFBC}") = "Application", "src\Services\Catalog\Application\Application.csproj", "{BA646FD2-2EA0-4D41-902A-F3A9D6F9E29C}"
EndProject
Project("{FAE04EC0-301F-11D3-BF4B-00C04F79EFBC}") = "WebApi", "src\Services\Catalog\WebApi\WebApi.csproj", "{FB358CCA-5354-4AD7-9095-B2B53887B72F}"
EndProject
Project("{FAE04EC0-301F-11D3-BF4B-00C04F79EFBC}") = "Domain", "src\Services\Catalog\Domain\Domain.csproj", "{B9E3A8D6-E783-46A7-8F14-39626D8174A6}"
EndProject
Project("{FAE04EC0-301F-11D3-BF4B-00C04F79EFBC}") = "GrpcService", "src\Services\Catalog\GrpcService\GrpcService.csproj", "{F3ACC14A-DCC4-4F57-ADA8-F8D328946624}"
EndProject
Project("{FAE04EC0-301F-11D3-BF4B-00C04F79EFBC}") = "Projection", "src\Services\Catalog\Projection\Projection.csproj", "{BCD849BA-1CBD-4E16-8184-EA2B4C8AF898}"
EndProject
Project("{FAE04EC0-301F-11D3-BF4B-00C04F79EFBC}") = "Infrastructure", "src\Services\Basket\Infrastructure\Infrastructure.csproj", "{3EDCAEFA-B1C4-4E50-9349-5AF1D801E536}"
EndProject
Project("{FAE04EC0-301F-11D3-BF4B-00C04F79EFBC}") = "EventStore", "src\Services\Catalog\EventStore\EventStore.csproj", "{93D8DB46-F870-4F93-BFFC-5119729B6E94}"
EndProject
Project("{FAE04EC0-301F-11D3-BF4B-00C04F79EFBC}") = "Bus", "src\Services\Catalog\Bus\Bus.csproj", "{5A463165-D4F9-4668-87F4-97E3103DE998}"
EndProject
Project("{2150E333-8FDC-42A3-9474-1A3956D46DE8}") = "Order", "Order", "{A671919A-9425-4D60-8D6B-3D6A3C8528E0}"
EndProject
Project("{FAE04EC0-301F-11D3-BF4B-00C04F79EFBC}") = "WebApi", "src\Services\Order\WebApi\WebApi.csproj", "{2FC70EE8-AA9E-4828-A13B-49724F1276E7}"
EndProject
Project("{FAE04EC0-301F-11D3-BF4B-00C04F79EFBC}") = "Application", "src\Services\Order\Application\Application.csproj", "{03A1A3B6-1A33-4015-949E-73682999E4E4}"
EndProject
Project("{2150E333-8FDC-42A3-9474-1A3956D46DE8}") = "Notification", "Notification", "{EE296BC4-D62A-46D8-BFF2-1160BEA329A3}"
EndProject
Project("{FAE04EC0-301F-11D3-BF4B-00C04F79EFBC}") = "Domain", "src\Services\Order\Domain\Domain.csproj", "{1B86439A-B92B-437F-B886-6BFE9DCEC332}"
EndProject
Project("{FAE04EC0-301F-11D3-BF4B-00C04F79EFBC}") = "Bus", "src\Services\Order\Bus\Bus.csproj", "{3FE92571-FFDE-4983-AFFA-6E8EDAEB29A0}"
EndProject
Project("{FAE04EC0-301F-11D3-BF4B-00C04F79EFBC}") = "Infrastructure", "src\Services\Order\Infrastructure\Infrastructure.csproj", "{C65D7923-343C-41AE-B3F6-79B8BDBB6A40}"
EndProject
Project("{2150E333-8FDC-42A3-9474-1A3956D46DE8}") = "Proxy", "Proxy", "{C8370F28-7B23-4901-A170-1CD2BE823D60}"
EndProject
Project("{FAE04EC0-301F-11D3-BF4B-00C04F79EFBC}") = "AppGateway", "src\Services\Proxy\AppGateway\AppGateway.csproj", "{413171BC-AE51-4255-9079-4B3B6073C8B8}"
EndProject
Project("{FAE04EC0-301F-11D3-BF4B-00C04F79EFBC}") = "WebApi", "src\Services\Notification\WebApi\WebApi.csproj", "{D25ACA63-4A39-4F40-92BA-89ED4E151180}"
EndProject
Project("{2150E333-8FDC-42A3-9474-1A3956D46DE8}") = "Web", "Web", "{E36E3164-B730-43E9-A7DA-4B8A8368F7F7}"
EndProject
Project("{FAE04EC0-301F-11D3-BF4B-00C04F79EFBC}") = "Bus", "src\Services\Basket\Bus\Bus.csproj", "{2551FAC8-0965-488B-874A-75C9703B079C}"
EndProject
Global
	GlobalSection(SolutionConfigurationPlatforms) = preSolution
		Debug|Any CPU = Debug|Any CPU
		Release|Any CPU = Release|Any CPU
	EndGlobalSection
	GlobalSection(NestedProjects) = preSolution
		{337BBAC9-73D8-43DD-9145-672E4BC92633} = {A6E5E0CC-1493-4DC0-B8BE-F917C85D4F11}
		{C012C87C-F21F-4F9C-931B-E1E83AAF2244} = {A6E5E0CC-1493-4DC0-B8BE-F917C85D4F11}
		{EFB4AA85-FCEE-4233-B7DC-55C0DB26CBC5} = {F3ACC1C1-5F04-4AF3-8963-B105DD5A912A}
		{20C32758-AB48-447F-A630-A941A7303E57} = {F3ACC1C1-5F04-4AF3-8963-B105DD5A912A}
		{1EAB2C23-82D9-448C-A206-ED551A070EC0} = {F3ACC1C1-5F04-4AF3-8963-B105DD5A912A}
		{1F2F6BD4-783E-4CBD-8B54-24247C664BF2} = {F3ACC1C1-5F04-4AF3-8963-B105DD5A912A}
		{B9D0C066-1B50-4420-9B5D-DC0C6D42811A} = {F3ACC1C1-5F04-4AF3-8963-B105DD5A912A}
		{0C25A5B8-34F3-4454-AF57-0DF53FA53748} = {F3ACC1C1-5F04-4AF3-8963-B105DD5A912A}
		{CFEAB618-4DB8-41DE-BA44-3CF6C6BFA3AC} = {A6E5E0CC-1493-4DC0-B8BE-F917C85D4F11}
		{C4101DAB-E65A-4DC7-B149-2CDD03955160} = {C012C87C-F21F-4F9C-931B-E1E83AAF2244}
		{A177AF3D-EFC3-403B-974A-90B4877EF152} = {CFEAB618-4DB8-41DE-BA44-3CF6C6BFA3AC}
		{BA1EB6EC-DCBE-4ED0-BE04-32A324F269CE} = {CFEAB618-4DB8-41DE-BA44-3CF6C6BFA3AC}
		{B3AFE897-0615-4AC7-85E9-E39A3D287704} = {CFEAB618-4DB8-41DE-BA44-3CF6C6BFA3AC}
		{BA646FD2-2EA0-4D41-902A-F3A9D6F9E29C} = {337BBAC9-73D8-43DD-9145-672E4BC92633}
		{FB358CCA-5354-4AD7-9095-B2B53887B72F} = {337BBAC9-73D8-43DD-9145-672E4BC92633}
		{B9E3A8D6-E783-46A7-8F14-39626D8174A6} = {337BBAC9-73D8-43DD-9145-672E4BC92633}
		{F3ACC14A-DCC4-4F57-ADA8-F8D328946624} = {337BBAC9-73D8-43DD-9145-672E4BC92633}
		{BCD849BA-1CBD-4E16-8184-EA2B4C8AF898} = {337BBAC9-73D8-43DD-9145-672E4BC92633}
		{3EDCAEFA-B1C4-4E50-9349-5AF1D801E536} = {CFEAB618-4DB8-41DE-BA44-3CF6C6BFA3AC}
		{93D8DB46-F870-4F93-BFFC-5119729B6E94} = {337BBAC9-73D8-43DD-9145-672E4BC92633}
		{5A463165-D4F9-4668-87F4-97E3103DE998} = {337BBAC9-73D8-43DD-9145-672E4BC92633}
		{A671919A-9425-4D60-8D6B-3D6A3C8528E0} = {A6E5E0CC-1493-4DC0-B8BE-F917C85D4F11}
		{2FC70EE8-AA9E-4828-A13B-49724F1276E7} = {A671919A-9425-4D60-8D6B-3D6A3C8528E0}
		{03A1A3B6-1A33-4015-949E-73682999E4E4} = {A671919A-9425-4D60-8D6B-3D6A3C8528E0}
		{EE296BC4-D62A-46D8-BFF2-1160BEA329A3} = {A6E5E0CC-1493-4DC0-B8BE-F917C85D4F11}
		{1B86439A-B92B-437F-B886-6BFE9DCEC332} = {A671919A-9425-4D60-8D6B-3D6A3C8528E0}
		{3FE92571-FFDE-4983-AFFA-6E8EDAEB29A0} = {A671919A-9425-4D60-8D6B-3D6A3C8528E0}
		{C65D7923-343C-41AE-B3F6-79B8BDBB6A40} = {A671919A-9425-4D60-8D6B-3D6A3C8528E0}
		{C8370F28-7B23-4901-A170-1CD2BE823D60} = {A6E5E0CC-1493-4DC0-B8BE-F917C85D4F11}
		{413171BC-AE51-4255-9079-4B3B6073C8B8} = {C8370F28-7B23-4901-A170-1CD2BE823D60}
		{D25ACA63-4A39-4F40-92BA-89ED4E151180} = {EE296BC4-D62A-46D8-BFF2-1160BEA329A3}
		{E36E3164-B730-43E9-A7DA-4B8A8368F7F7} = {A6E5E0CC-1493-4DC0-B8BE-F917C85D4F11}
		{2551FAC8-0965-488B-874A-75C9703B079C} = {CFEAB618-4DB8-41DE-BA44-3CF6C6BFA3AC}
	EndGlobalSection
	GlobalSection(ProjectConfigurationPlatforms) = postSolution
		{EFB4AA85-FCEE-4233-B7DC-55C0DB26CBC5}.Debug|Any CPU.ActiveCfg = Debug|Any CPU
		{EFB4AA85-FCEE-4233-B7DC-55C0DB26CBC5}.Debug|Any CPU.Build.0 = Debug|Any CPU
		{EFB4AA85-FCEE-4233-B7DC-55C0DB26CBC5}.Release|Any CPU.ActiveCfg = Release|Any CPU
		{EFB4AA85-FCEE-4233-B7DC-55C0DB26CBC5}.Release|Any CPU.Build.0 = Release|Any CPU
		{20C32758-AB48-447F-A630-A941A7303E57}.Debug|Any CPU.ActiveCfg = Debug|Any CPU
		{20C32758-AB48-447F-A630-A941A7303E57}.Debug|Any CPU.Build.0 = Debug|Any CPU
		{20C32758-AB48-447F-A630-A941A7303E57}.Release|Any CPU.ActiveCfg = Release|Any CPU
		{20C32758-AB48-447F-A630-A941A7303E57}.Release|Any CPU.Build.0 = Release|Any CPU
		{1EAB2C23-82D9-448C-A206-ED551A070EC0}.Debug|Any CPU.ActiveCfg = Debug|Any CPU
		{1EAB2C23-82D9-448C-A206-ED551A070EC0}.Debug|Any CPU.Build.0 = Debug|Any CPU
		{1EAB2C23-82D9-448C-A206-ED551A070EC0}.Release|Any CPU.ActiveCfg = Release|Any CPU
		{1EAB2C23-82D9-448C-A206-ED551A070EC0}.Release|Any CPU.Build.0 = Release|Any CPU
		{1F2F6BD4-783E-4CBD-8B54-24247C664BF2}.Debug|Any CPU.ActiveCfg = Debug|Any CPU
		{1F2F6BD4-783E-4CBD-8B54-24247C664BF2}.Debug|Any CPU.Build.0 = Debug|Any CPU
		{1F2F6BD4-783E-4CBD-8B54-24247C664BF2}.Release|Any CPU.ActiveCfg = Release|Any CPU
		{1F2F6BD4-783E-4CBD-8B54-24247C664BF2}.Release|Any CPU.Build.0 = Release|Any CPU
		{B9D0C066-1B50-4420-9B5D-DC0C6D42811A}.Debug|Any CPU.ActiveCfg = Debug|Any CPU
		{B9D0C066-1B50-4420-9B5D-DC0C6D42811A}.Debug|Any CPU.Build.0 = Debug|Any CPU
		{B9D0C066-1B50-4420-9B5D-DC0C6D42811A}.Release|Any CPU.ActiveCfg = Release|Any CPU
		{B9D0C066-1B50-4420-9B5D-DC0C6D42811A}.Release|Any CPU.Build.0 = Release|Any CPU
		{0C25A5B8-34F3-4454-AF57-0DF53FA53748}.Debug|Any CPU.ActiveCfg = Debug|Any CPU
		{0C25A5B8-34F3-4454-AF57-0DF53FA53748}.Debug|Any CPU.Build.0 = Debug|Any CPU
		{0C25A5B8-34F3-4454-AF57-0DF53FA53748}.Release|Any CPU.ActiveCfg = Release|Any CPU
		{0C25A5B8-34F3-4454-AF57-0DF53FA53748}.Release|Any CPU.Build.0 = Release|Any CPU
		{C4101DAB-E65A-4DC7-B149-2CDD03955160}.Debug|Any CPU.ActiveCfg = Debug|Any CPU
		{C4101DAB-E65A-4DC7-B149-2CDD03955160}.Debug|Any CPU.Build.0 = Debug|Any CPU
		{C4101DAB-E65A-4DC7-B149-2CDD03955160}.Release|Any CPU.ActiveCfg = Release|Any CPU
		{C4101DAB-E65A-4DC7-B149-2CDD03955160}.Release|Any CPU.Build.0 = Release|Any CPU
		{A177AF3D-EFC3-403B-974A-90B4877EF152}.Debug|Any CPU.ActiveCfg = Debug|Any CPU
		{A177AF3D-EFC3-403B-974A-90B4877EF152}.Debug|Any CPU.Build.0 = Debug|Any CPU
		{A177AF3D-EFC3-403B-974A-90B4877EF152}.Release|Any CPU.ActiveCfg = Release|Any CPU
		{A177AF3D-EFC3-403B-974A-90B4877EF152}.Release|Any CPU.Build.0 = Release|Any CPU
		{BA1EB6EC-DCBE-4ED0-BE04-32A324F269CE}.Debug|Any CPU.ActiveCfg = Debug|Any CPU
		{BA1EB6EC-DCBE-4ED0-BE04-32A324F269CE}.Debug|Any CPU.Build.0 = Debug|Any CPU
		{BA1EB6EC-DCBE-4ED0-BE04-32A324F269CE}.Release|Any CPU.ActiveCfg = Release|Any CPU
		{BA1EB6EC-DCBE-4ED0-BE04-32A324F269CE}.Release|Any CPU.Build.0 = Release|Any CPU
		{B3AFE897-0615-4AC7-85E9-E39A3D287704}.Debug|Any CPU.ActiveCfg = Debug|Any CPU
		{B3AFE897-0615-4AC7-85E9-E39A3D287704}.Debug|Any CPU.Build.0 = Debug|Any CPU
		{B3AFE897-0615-4AC7-85E9-E39A3D287704}.Release|Any CPU.ActiveCfg = Release|Any CPU
		{B3AFE897-0615-4AC7-85E9-E39A3D287704}.Release|Any CPU.Build.0 = Release|Any CPU
		{BA646FD2-2EA0-4D41-902A-F3A9D6F9E29C}.Debug|Any CPU.ActiveCfg = Debug|Any CPU
		{BA646FD2-2EA0-4D41-902A-F3A9D6F9E29C}.Debug|Any CPU.Build.0 = Debug|Any CPU
		{BA646FD2-2EA0-4D41-902A-F3A9D6F9E29C}.Release|Any CPU.ActiveCfg = Release|Any CPU
		{BA646FD2-2EA0-4D41-902A-F3A9D6F9E29C}.Release|Any CPU.Build.0 = Release|Any CPU
		{FB358CCA-5354-4AD7-9095-B2B53887B72F}.Debug|Any CPU.ActiveCfg = Debug|Any CPU
		{FB358CCA-5354-4AD7-9095-B2B53887B72F}.Debug|Any CPU.Build.0 = Debug|Any CPU
		{FB358CCA-5354-4AD7-9095-B2B53887B72F}.Release|Any CPU.ActiveCfg = Release|Any CPU
		{FB358CCA-5354-4AD7-9095-B2B53887B72F}.Release|Any CPU.Build.0 = Release|Any CPU
		{B9E3A8D6-E783-46A7-8F14-39626D8174A6}.Debug|Any CPU.ActiveCfg = Debug|Any CPU
		{B9E3A8D6-E783-46A7-8F14-39626D8174A6}.Debug|Any CPU.Build.0 = Debug|Any CPU
		{B9E3A8D6-E783-46A7-8F14-39626D8174A6}.Release|Any CPU.ActiveCfg = Release|Any CPU
		{B9E3A8D6-E783-46A7-8F14-39626D8174A6}.Release|Any CPU.Build.0 = Release|Any CPU
		{F3ACC14A-DCC4-4F57-ADA8-F8D328946624}.Debug|Any CPU.ActiveCfg = Debug|Any CPU
		{F3ACC14A-DCC4-4F57-ADA8-F8D328946624}.Debug|Any CPU.Build.0 = Debug|Any CPU
		{F3ACC14A-DCC4-4F57-ADA8-F8D328946624}.Release|Any CPU.ActiveCfg = Release|Any CPU
		{F3ACC14A-DCC4-4F57-ADA8-F8D328946624}.Release|Any CPU.Build.0 = Release|Any CPU
		{BCD849BA-1CBD-4E16-8184-EA2B4C8AF898}.Debug|Any CPU.ActiveCfg = Debug|Any CPU
		{BCD849BA-1CBD-4E16-8184-EA2B4C8AF898}.Debug|Any CPU.Build.0 = Debug|Any CPU
		{BCD849BA-1CBD-4E16-8184-EA2B4C8AF898}.Release|Any CPU.ActiveCfg = Release|Any CPU
		{BCD849BA-1CBD-4E16-8184-EA2B4C8AF898}.Release|Any CPU.Build.0 = Release|Any CPU
		{3EDCAEFA-B1C4-4E50-9349-5AF1D801E536}.Debug|Any CPU.ActiveCfg = Debug|Any CPU
		{3EDCAEFA-B1C4-4E50-9349-5AF1D801E536}.Debug|Any CPU.Build.0 = Debug|Any CPU
		{3EDCAEFA-B1C4-4E50-9349-5AF1D801E536}.Release|Any CPU.ActiveCfg = Release|Any CPU
		{3EDCAEFA-B1C4-4E50-9349-5AF1D801E536}.Release|Any CPU.Build.0 = Release|Any CPU
		{93D8DB46-F870-4F93-BFFC-5119729B6E94}.Debug|Any CPU.ActiveCfg = Debug|Any CPU
		{93D8DB46-F870-4F93-BFFC-5119729B6E94}.Debug|Any CPU.Build.0 = Debug|Any CPU
		{93D8DB46-F870-4F93-BFFC-5119729B6E94}.Release|Any CPU.ActiveCfg = Release|Any CPU
		{93D8DB46-F870-4F93-BFFC-5119729B6E94}.Release|Any CPU.Build.0 = Release|Any CPU
		{5A463165-D4F9-4668-87F4-97E3103DE998}.Debug|Any CPU.ActiveCfg = Debug|Any CPU
		{5A463165-D4F9-4668-87F4-97E3103DE998}.Debug|Any CPU.Build.0 = Debug|Any CPU
		{5A463165-D4F9-4668-87F4-97E3103DE998}.Release|Any CPU.ActiveCfg = Release|Any CPU
		{5A463165-D4F9-4668-87F4-97E3103DE998}.Release|Any CPU.Build.0 = Release|Any CPU
		{2FC70EE8-AA9E-4828-A13B-49724F1276E7}.Debug|Any CPU.ActiveCfg = Debug|Any CPU
		{2FC70EE8-AA9E-4828-A13B-49724F1276E7}.Debug|Any CPU.Build.0 = Debug|Any CPU
		{2FC70EE8-AA9E-4828-A13B-49724F1276E7}.Release|Any CPU.ActiveCfg = Release|Any CPU
		{2FC70EE8-AA9E-4828-A13B-49724F1276E7}.Release|Any CPU.Build.0 = Release|Any CPU
		{03A1A3B6-1A33-4015-949E-73682999E4E4}.Debug|Any CPU.ActiveCfg = Debug|Any CPU
		{03A1A3B6-1A33-4015-949E-73682999E4E4}.Debug|Any CPU.Build.0 = Debug|Any CPU
		{03A1A3B6-1A33-4015-949E-73682999E4E4}.Release|Any CPU.ActiveCfg = Release|Any CPU
		{03A1A3B6-1A33-4015-949E-73682999E4E4}.Release|Any CPU.Build.0 = Release|Any CPU
		{1B86439A-B92B-437F-B886-6BFE9DCEC332}.Debug|Any CPU.ActiveCfg = Debug|Any CPU
		{1B86439A-B92B-437F-B886-6BFE9DCEC332}.Debug|Any CPU.Build.0 = Debug|Any CPU
		{1B86439A-B92B-437F-B886-6BFE9DCEC332}.Release|Any CPU.ActiveCfg = Release|Any CPU
		{1B86439A-B92B-437F-B886-6BFE9DCEC332}.Release|Any CPU.Build.0 = Release|Any CPU
		{3FE92571-FFDE-4983-AFFA-6E8EDAEB29A0}.Debug|Any CPU.ActiveCfg = Debug|Any CPU
		{3FE92571-FFDE-4983-AFFA-6E8EDAEB29A0}.Debug|Any CPU.Build.0 = Debug|Any CPU
		{3FE92571-FFDE-4983-AFFA-6E8EDAEB29A0}.Release|Any CPU.ActiveCfg = Release|Any CPU
		{3FE92571-FFDE-4983-AFFA-6E8EDAEB29A0}.Release|Any CPU.Build.0 = Release|Any CPU
		{C65D7923-343C-41AE-B3F6-79B8BDBB6A40}.Debug|Any CPU.ActiveCfg = Debug|Any CPU
		{C65D7923-343C-41AE-B3F6-79B8BDBB6A40}.Debug|Any CPU.Build.0 = Debug|Any CPU
		{C65D7923-343C-41AE-B3F6-79B8BDBB6A40}.Release|Any CPU.ActiveCfg = Release|Any CPU
		{C65D7923-343C-41AE-B3F6-79B8BDBB6A40}.Release|Any CPU.Build.0 = Release|Any CPU
		{413171BC-AE51-4255-9079-4B3B6073C8B8}.Debug|Any CPU.ActiveCfg = Debug|Any CPU
		{413171BC-AE51-4255-9079-4B3B6073C8B8}.Debug|Any CPU.Build.0 = Debug|Any CPU
		{413171BC-AE51-4255-9079-4B3B6073C8B8}.Release|Any CPU.ActiveCfg = Release|Any CPU
		{413171BC-AE51-4255-9079-4B3B6073C8B8}.Release|Any CPU.Build.0 = Release|Any CPU
		{D25ACA63-4A39-4F40-92BA-89ED4E151180}.Debug|Any CPU.ActiveCfg = Debug|Any CPU
		{D25ACA63-4A39-4F40-92BA-89ED4E151180}.Debug|Any CPU.Build.0 = Debug|Any CPU
		{D25ACA63-4A39-4F40-92BA-89ED4E151180}.Release|Any CPU.ActiveCfg = Release|Any CPU
		{D25ACA63-4A39-4F40-92BA-89ED4E151180}.Release|Any CPU.Build.0 = Release|Any CPU
		{2551FAC8-0965-488B-874A-75C9703B079C}.Debug|Any CPU.ActiveCfg = Debug|Any CPU
		{2551FAC8-0965-488B-874A-75C9703B079C}.Debug|Any CPU.Build.0 = Debug|Any CPU
		{2551FAC8-0965-488B-874A-75C9703B079C}.Release|Any CPU.ActiveCfg = Release|Any CPU
		{2551FAC8-0965-488B-874A-75C9703B079C}.Release|Any CPU.Build.0 = Release|Any CPU
	EndGlobalSection
EndGlobal
